<?xml version="1.0" encoding="utf-8"?>
<Project ToolsVersion="4.0" xmlns="http://schemas.microsoft.com/developer/msbuild/2003">
  <ItemGroup>
    <Filter Include="Source Files">
      <UniqueIdentifier>{4FC737F1-C7A5-4376-A066-2A32D752A2FF}</UniqueIdentifier>
      <Extensions>qml;cpp;c;cc;cxx;def;odl;idl;hpj;bat;asm;asmx</Extensions>
    </Filter>
    <Filter Include="Header Files">
      <UniqueIdentifier>{93995380-89BD-4b04-88EB-625FBE52EBFB}</UniqueIdentifier>
      <Extensions>h;hh;hpp;hxx;hm;inl;inc;xsd</Extensions>
    </Filter>
    <Filter Include="Resource Files">
      <UniqueIdentifier>{67DA6AB6-F800-4c08-8B7A-83BB121AAD01}</UniqueIdentifier>
      <Extensions>qrc;rc;ico;cur;bmp;dlg;rc2;rct;bin;rgs;gif;jpg;jpeg;jpe;resx;tiff;tif;png;wav;mfcribbon-ms</Extensions>
    </Filter>
    <Filter Include="Form Files">
      <UniqueIdentifier>{99349809-55BA-4b9d-BF79-8FDBB0286EB3}</UniqueIdentifier>
      <Extensions>ui</Extensions>
    </Filter>
    <Filter Include="Translation Files">
      <UniqueIdentifier>{639EADAA-A684-42e4-A9AD-28FC9BCB8F7C}</UniqueIdentifier>
      <Extensions>ts</Extensions>
    </Filter>
  </ItemGroup>
  <ItemGroup>
    <QtRcc Include="arm360.qrc">
      <Filter>Resource Files</Filter>
    </QtRcc>
    <QtUic Include="arm360_old.ui">
      <Filter>Form Files</Filter>
    </QtUic>
    <None Include="ARM360.ico">
      <Filter>Resource Files</Filter>
    </None>
    <ResourceCompile Include="ARM360.rc">
      <Filter>Resource Files</Filter>
    </ResourceCompile>
  </ItemGroup>
  <ItemGroup>
    <ClCompile Include="src\arm360.cpp">
      <Filter>Source Files</Filter>
    </ClCompile>
    <ClCompile Include="src\main.cpp">
      <Filter>Source Files</Filter>
    </ClCompile>
    <ClCompile Include="src\stdafx.cpp">
      <Filter>Source Files</Filter>
    </ClCompile>
    <ClCompile Include="src\TranslatorFacade.cpp">
      <Filter>Source Files</Filter>
    </ClCompile>
    <ClCompile Include="src\Orchestrator.cpp">
      <Filter>Source Files</Filter>
    </ClCompile>
    <ClCompile Include="src\ExecutorFacade.cpp">
      <Filter>Source Files</Filter>
    </ClCompile>
    <ClCompile Include="src\MockDataGenerator.cpp">
      <Filter>Source Files</Filter>
    </ClCompile>
    <ClCompile Include="src\ProgramState\ProgramState.cpp">
      <Filter>Source Files</Filter>
    </ClCompile>
    <ClCompile Include="src\Translator.cpp">
      <Filter>Source Files</Filter>
    </ClCompile>
    <ClCompile Include="src\InstructionSet.cpp">
      <Filter>Source Files</Filter>
    </ClCompile>
    <ClCompile Include="src\InstructionParser.cpp">
      <Filter>Source Files</Filter>
    </ClCompile>
    <ClCompile Include="src\FileManager\FileManager.cpp">
      <Filter>Source Files</Filter>
    </ClCompile>
    <ClCompile Include="src\Hex4Digit.cpp">
      <Filter>Source Files</Filter>
    </ClCompile>
    <ClCompile Include="src\HexadecimalConverter.cpp">
      <Filter>Source Files</Filter>
    </ClCompile>
    <ClCompile Include="src\HexDataClass.cpp">
      <Filter>Source Files</Filter>
    </ClCompile>
    <ClCompile Include="src\MemoryHistorySpace.cpp">
      <Filter>Source Files</Filter>
    </ClCompile>
    <ClCompile Include="src\NumberConverterAccess.cpp">
      <Filter>Source Files</Filter>
    </ClCompile>
  </ItemGroup>
  <ItemGroup>
    <ClInclude Include="headers\stdafx.h">
      <Filter>Header Files</Filter>
    </ClInclude>
    <ClInclude Include="headers\ExecutorAccess.h">
      <Filter>Header Files</Filter>
    </ClInclude>
    <ClInclude Include="headers\ExecutorFacade.h">
      <Filter>Header Files</Filter>
    </ClInclude>
    <ClInclude Include="headers\ExecutorInterface.h">
      <Filter>Header Files</Filter>
    </ClInclude>
    <ClInclude Include="headers\InstructionParser.h">
      <Filter>Header Files</Filter>
    </ClInclude>
    <ClInclude Include="headers\InstructionSet.h">
      <Filter>Header Files</Filter>
    </ClInclude>
    <ClInclude Include="headers\MockDataGenerator.h">
      <Filter>Header Files</Filter>
    </ClInclude>
    <ClInclude Include="headers\Orchestrator.h">
      <Filter>Header Files</Filter>
    </ClInclude>
    <ClInclude Include="headers\ProgramState\ProgramState.h">
      <Filter>Header Files</Filter>
    </ClInclude>
    <ClInclude Include="headers\Translator.h">
      <Filter>Header Files</Filter>
    </ClInclude>
    <ClInclude Include="headers\TranslatorFacade.h">
      <Filter>Header Files</Filter>
    </ClInclude>
    <ClInclude Include="headers\TranslatorAccess.h">
      <Filter>Header Files</Filter>
    </ClInclude>
    <ClInclude Include="headers\FileManager\FileManager.h">
      <Filter>Header Files</Filter>
    </ClInclude>
    <ClInclude Include="headers\Hex4digit.h">
      <Filter>Header Files</Filter>
    </ClInclude>
    <ClInclude Include="headers\NumberConverterAccess.h">
      <Filter>Header Files</Filter>
    </ClInclude>
    <ClInclude Include="headers\MemoryHistorySpace.h">
      <Filter>Header Files</Filter>
    </ClInclude>
    <ClInclude Include="headers\HexDataClass.h">
      <Filter>Header Files</Filter>
    </ClInclude>
    <ClInclude Include="headers\HexadecimalConverter.h">
      <Filter>Header Files</Filter>
    </ClInclude>
  </ItemGroup>
  <ItemGroup>
    <QtMoc Include="headers\arm360.h">
      <Filter>Header Files</Filter>
    </QtMoc>
  </ItemGroup>
  <ItemGroup>
    <QtUic Include="arm360.ui">
      <Filter>Form Files</Filter>
    </QtUic>
  </ItemGroup>
</Project>